
Microsoft Visual Studio Solution File, Format Version 12.00
# Visual Studio 15
VisualStudioVersion = 15.0.28307.136
MinimumVisualStudioVersion = 10.0.40219.1
Project("{FAE04EC0-301F-11D3-BF4B-00C04F79EFBC}") = "Exercicio1114", "Exercicio1114\Exercicio1114.csproj", "{176F2F9B-0151-4234-BE69-A38DF2975F98}"
EndProject
Project("{FAE04EC0-301F-11D3-BF4B-00C04F79EFBC}") = "Exercicio1115", "Exercicio1115\Exercicio1115.csproj", "{F379C208-216A-4A8B-AEC8-9FAB8EC0E394}"
EndProject
Project("{FAE04EC0-301F-11D3-BF4B-00C04F79EFBC}") = "Exercicio1117", "Exercicio1117\Exercicio1117.csproj", "{1DB4E169-834D-4AF4-8E78-DD7902C7540F}"
EndProject
Project("{FAE04EC0-301F-11D3-BF4B-00C04F79EFBC}") = "Exercicio1134", "Exercicio1134\Exercicio1134.csproj", "{F072EF06-750F-4B30-9A71-073D6E705FDC}"
EndProject
Project("{FAE04EC0-301F-11D3-BF4B-00C04F79EFBC}") = "Exercicio1154", "Exercicio1154\Exercicio1154.csproj", "{523ED7CB-493A-417F-8C9B-8BE02E5CAAC2}"
EndProject
Project("{FAE04EC0-301F-11D3-BF4B-00C04F79EFBC}") = "Exercicio1159", "Exercicio1159\Exercicio1159.csproj", "{56BDAF54-F927-4559-9ECC-131BB07C7FA8}"
EndProject
Project("{FAE04EC0-301F-11D3-BF4B-00C04F79EFBC}") = "Exercicio1118", "Exercicio1118\Exercicio1118.csproj", "{AC5991B0-4242-40BE-BFD4-0D11381B57F7}"
EndProject
Global
	GlobalSection(SolutionConfigurationPlatforms) = preSolution
		Debug|Any CPU = Debug|Any CPU
		Release|Any CPU = Release|Any CPU
	EndGlobalSection
	GlobalSection(ProjectConfigurationPlatforms) = postSolution
		{176F2F9B-0151-4234-BE69-A38DF2975F98}.Debug|Any CPU.ActiveCfg = Debug|Any CPU
		{176F2F9B-0151-4234-BE69-A38DF2975F98}.Debug|Any CPU.Build.0 = Debug|Any CPU
		{176F2F9B-0151-4234-BE69-A38DF2975F98}.Release|Any CPU.ActiveCfg = Release|Any CPU
		{176F2F9B-0151-4234-BE69-A38DF2975F98}.Release|Any CPU.Build.0 = Release|Any CPU
		{F379C208-216A-4A8B-AEC8-9FAB8EC0E394}.Debug|Any CPU.ActiveCfg = Debug|Any CPU
		{F379C208-216A-4A8B-AEC8-9FAB8EC0E394}.Debug|Any CPU.Build.0 = Debug|Any CPU
		{F379C208-216A-4A8B-AEC8-9FAB8EC0E394}.Release|Any CPU.ActiveCfg = Release|Any CPU
		{F379C208-216A-4A8B-AEC8-9FAB8EC0E394}.Release|Any CPU.Build.0 = Release|Any CPU
		{1DB4E169-834D-4AF4-8E78-DD7902C7540F}.Debug|Any CPU.ActiveCfg = Debug|Any CPU
		{1DB4E169-834D-4AF4-8E78-DD7902C7540F}.Debug|Any CPU.Build.0 = Debug|Any CPU
		{1DB4E169-834D-4AF4-8E78-DD7902C7540F}.Release|Any CPU.ActiveCfg = Release|Any CPU
		{1DB4E169-834D-4AF4-8E78-DD7902C7540F}.Release|Any CPU.Build.0 = Release|Any CPU
		{F072EF06-750F-4B30-9A71-073D6E705FDC}.Debug|Any CPU.ActiveCfg = Debug|Any CPU
		{F072EF06-750F-4B30-9A71-073D6E705FDC}.Debug|Any CPU.Build.0 = Debug|Any CPU
		{F072EF06-750F-4B30-9A71-073D6E705FDC}.Release|Any CPU.ActiveCfg = Release|Any CPU
		{F072EF06-750F-4B30-9A71-073D6E705FDC}.Release|Any CPU.Build.0 = Release|Any CPU
		{523ED7CB-493A-417F-8C9B-8BE02E5CAAC2}.Debug|Any CPU.ActiveCfg = Debug|Any CPU
		{523ED7CB-493A-417F-8C9B-8BE02E5CAAC2}.Debug|Any CPU.Build.0 = Debug|Any CPU
		{523ED7CB-493A-417F-8C9B-8BE02E5CAAC2}.Release|Any CPU.ActiveCfg = Release|Any CPU
		{523ED7CB-493A-417F-8C9B-8BE02E5CAAC2}.Release|Any CPU.Build.0 = Release|Any CPU
		{56BDAF54-F927-4559-9ECC-131BB07C7FA8}.Debug|Any CPU.ActiveCfg = Debug|Any CPU
		{56BDAF54-F927-4559-9ECC-131BB07C7FA8}.Debug|Any CPU.Build.0 = Debug|Any CPU
		{56BDAF54-F927-4559-9ECC-131BB07C7FA8}.Release|Any CPU.ActiveCfg = Release|Any CPU
		{56BDAF54-F927-4559-9ECC-131BB07C7FA8}.Release|Any CPU.Build.0 = Release|Any CPU
		{AC5991B0-4242-40BE-BFD4-0D11381B57F7}.Debug|Any CPU.ActiveCfg = Debug|Any CPU
		{AC5991B0-4242-40BE-BFD4-0D11381B57F7}.Debug|Any CPU.Build.0 = Debug|Any CPU
		{AC5991B0-4242-40BE-BFD4-0D11381B57F7}.Release|Any CPU.ActiveCfg = Release|Any CPU
		{AC5991B0-4242-40BE-BFD4-0D11381B57F7}.Release|Any CPU.Build.0 = Release|Any CPU
	EndGlobalSection
	GlobalSection(SolutionProperties) = preSolution
		HideSolutionNode = FALSE
	EndGlobalSection
	GlobalSection(ExtensibilityGlobals) = postSolution
		SolutionGuid = {49533BE8-C381-4713-992D-19450A944DFC}
	EndGlobalSection
EndGlobal
