
Microsoft Visual Studio Solution File, Format Version 12.00
# Visual Studio 15
VisualStudioVersion = 15.0.28307.136
MinimumVisualStudioVersion = 10.0.40219.1
Project("{FAE04EC0-301F-11D3-BF4B-00C04F79EFBC}") = "Exercicio1114", "Exercicio1114\Exercicio1114.csproj", "{176F2F9B-0151-4234-BE69-A38DF2975F98}"
EndProject
Project("{FAE04EC0-301F-11D3-BF4B-00C04F79EFBC}") = "Exercicio1115", "Exercicio1115\Exercicio1115.csproj", "{F379C208-216A-4A8B-AEC8-9FAB8EC0E394}"
EndProject
Project("{FAE04EC0-301F-11D3-BF4B-00C04F79EFBC}") = "Exercicio1117", "Exercicio1117\Exercicio1117.csproj", "{1DB4E169-834D-4AF4-8E78-DD7902C7540F}"
EndProject
Project("{FAE04EC0-301F-11D3-BF4B-00C04F79EFBC}") = "Exercicio1134", "Exercicio1134\Exercicio1134.csproj", "{F072EF06-750F-4B30-9A71-073D6E705FDC}"
EndProject
Project("{FAE04EC0-301F-11D3-BF4B-00C04F79EFBC}") = "Exercicio1154", "Exercicio1154\Exercicio1154.csproj", "{523ED7CB-493A-417F-8C9B-8BE02E5CAAC2}"
EndProject
Project("{FAE04EC0-301F-11D3-BF4B-00C04F79EFBC}") = "Exercicio1159", "Exercicio1159\Exercicio1159.csproj", "{56BDAF54-F927-4559-9ECC-131BB07C7FA8}"
EndProject
Project("{FAE04EC0-301F-11D3-BF4B-00C04F79EFBC}") = "Exercicio1118", "Exercicio1118\Exercicio1118.csproj", "{AC5991B0-4242-40BE-BFD4-0D11381B57F7}"
EndProject
Project("{FAE04EC0-301F-11D3-BF4B-00C04F79EFBC}") = "Exercicio1131", "Exercicio1131\Exercicio1131.csproj", "{10DD2C27-23A3-4E69-BFE1-6FA6BB8FEABD}"
EndProject
Project("{FAE04EC0-301F-11D3-BF4B-00C04F79EFBC}") = "Exercicio1067", "Exercicio1067\Exercicio1067.csproj", "{AF850DC9-AFFE-4F7E-AA9A-752AE9D0D62D}"
EndProject
Project("{FAE04EC0-301F-11D3-BF4B-00C04F79EFBC}") = "Exercicio1072", "Exercicio1072\Exercicio1072.csproj", "{1B281A2C-292D-4AB6-AE7A-54403D7F1AB1}"
EndProject
Project("{FAE04EC0-301F-11D3-BF4B-00C04F79EFBC}") = "Exercicio1073", "Exercicio1073\Exercicio1073.csproj", "{82795C9D-281D-4A02-ADCC-C76741A1A928}"
EndProject
Project("{FAE04EC0-301F-11D3-BF4B-00C04F79EFBC}") = "Exercicio1074", "Exercicio1074\Exercicio1074.csproj", "{92830F50-826E-46D0-836C-5C2707D2FF51}"
EndProject
Project("{FAE04EC0-301F-11D3-BF4B-00C04F79EFBC}") = "Exercicio1075", "Exercicio1075\Exercicio1075.csproj", "{EA2C53AA-2E56-4AA1-9ECC-3AA851E3256A}"
EndProject
Project("{FAE04EC0-301F-11D3-BF4B-00C04F79EFBC}") = "Exercicio1079", "Exercicio1079\Exercicio1079.csproj", "{4B5A9DC0-BFF2-450E-8762-E866E604D254}"
EndProject
Project("{FAE04EC0-301F-11D3-BF4B-00C04F79EFBC}") = "Exercicio1080", "Exercicio1080\Exercicio1080.csproj", "{4FAD6AA1-FCD3-4963-AF66-9122E07A4F67}"
EndProject
Project("{FAE04EC0-301F-11D3-BF4B-00C04F79EFBC}") = "Exercicio1094", "Exercicio1094\Exercicio1094.csproj", "{255723DE-BBAD-4085-B88C-0FBD517C8842}"
EndProject
Project("{FAE04EC0-301F-11D3-BF4B-00C04F79EFBC}") = "Exercicio1096", "Exercicio1096\Exercicio1096.csproj", "{1718A13B-808D-42FC-939F-5714C5ECE556}"
EndProject
Project("{FAE04EC0-301F-11D3-BF4B-00C04F79EFBC}") = "Exercicio1097", "Exercicio1097\Exercicio1097.csproj", "{2F08BFC8-0A19-416C-835E-AAA1B2600357}"
EndProject
Project("{FAE04EC0-301F-11D3-BF4B-00C04F79EFBC}") = "Exercicio1116", "Exercicio1116\Exercicio1116.csproj", "{C1BE457A-9ABF-45EE-A7FF-10B003AF39C1}"
EndProject
Project("{FAE04EC0-301F-11D3-BF4B-00C04F79EFBC}") = "Exercicio1132", "Exercicio1132\Exercicio1132.csproj", "{8636159D-67AD-4FC7-BDEC-54C89787192A}"
EndProject
Project("{FAE04EC0-301F-11D3-BF4B-00C04F79EFBC}") = "Exercicio1133", "Exercicio1133\Exercicio1133.csproj", "{B2362A2B-CD24-4228-BDCF-3CBC5E37D1A6}"
EndProject
Project("{FAE04EC0-301F-11D3-BF4B-00C04F79EFBC}") = "Exercicio1142", "Exercicio1142\Exercicio1142.csproj", "{728D093F-63AD-4D32-8764-DFE3230BB4F0}"
EndProject
Project("{FAE04EC0-301F-11D3-BF4B-00C04F79EFBC}") = "Exercicio1143", "Exercicio1143\Exercicio1143.csproj", "{27DD081F-EB48-4121-BFBF-2C9B666409C9}"
EndProject
Project("{FAE04EC0-301F-11D3-BF4B-00C04F79EFBC}") = "Exercicio1144", "Exercicio1144\Exercicio1144.csproj", "{07A1AE72-3254-4FEC-B80F-C5C477355310}"
EndProject
Project("{FAE04EC0-301F-11D3-BF4B-00C04F79EFBC}") = "Exercicio1151", "Exercicio1151\Exercicio1151.csproj", "{7316A220-C37C-4850-973C-93CB79CC9C56}"
EndProject
Project("{FAE04EC0-301F-11D3-BF4B-00C04F79EFBC}") = "Exercicio1153", "Exercicio1153\Exercicio1153.csproj", "{9024DACF-0757-467C-B677-261EE182E53A}"
EndProject
Project("{FAE04EC0-301F-11D3-BF4B-00C04F79EFBC}") = "Exercicio1155", "Exercicio1155\Exercicio1155.csproj", "{BAE34622-4D09-41B5-BC93-DE12CC9BE606}"
EndProject
Project("{FAE04EC0-301F-11D3-BF4B-00C04F79EFBC}") = "Exercicio1156", "Exercicio1156\Exercicio1156.csproj", "{76857052-6F71-4C77-ABCA-BC45BE3A3306}"
EndProject
Project("{FAE04EC0-301F-11D3-BF4B-00C04F79EFBC}") = "Exercicio1157", "Exercicio1157\Exercicio1157.csproj", "{F9A523D2-1AFA-4850-8BE0-4D34D6912935}"
EndProject
Project("{FAE04EC0-301F-11D3-BF4B-00C04F79EFBC}") = "Exercicio1099", "Exercicio1099\Exercicio1099.csproj", "{8D4D1F48-15F0-4118-8EE5-B998F526CBF8}"
EndProject
Project("{FAE04EC0-301F-11D3-BF4B-00C04F79EFBC}") = "Exercicio1101", "Exercicio1101\Exercicio1101.csproj", "{D03F88BD-2BCF-4A6A-A17E-C6A19F0BF70F}"
EndProject
Project("{FAE04EC0-301F-11D3-BF4B-00C04F79EFBC}") = "Exercicio1145", "Exercicio1145\Exercicio1145.csproj", "{D2F77BBC-1A2B-4A0A-BD86-862EF287137D}"
EndProject
Project("{FAE04EC0-301F-11D3-BF4B-00C04F79EFBC}") = "Exercicio1149", "Exercicio1149\Exercicio1149.csproj", "{9FDB32CA-512C-4BD8-A4E8-E392AE6BD356}"
EndProject
Project("{FAE04EC0-301F-11D3-BF4B-00C04F79EFBC}") = "Exercicio1150", "Exercicio1150\Exercicio1150.csproj", "{D86B655E-F09E-413C-8318-04E674BAA6C7}"
EndProject
Project("{FAE04EC0-301F-11D3-BF4B-00C04F79EFBC}") = "Exercicio1158", "Exercicio1158\Exercicio1158.csproj", "{C3F3E709-255B-4F2E-8F61-80E121C83155}"
EndProject
Global
	GlobalSection(SolutionConfigurationPlatforms) = preSolution
		Debug|Any CPU = Debug|Any CPU
		Release|Any CPU = Release|Any CPU
	EndGlobalSection
	GlobalSection(ProjectConfigurationPlatforms) = postSolution
		{176F2F9B-0151-4234-BE69-A38DF2975F98}.Debug|Any CPU.ActiveCfg = Debug|Any CPU
		{176F2F9B-0151-4234-BE69-A38DF2975F98}.Debug|Any CPU.Build.0 = Debug|Any CPU
		{176F2F9B-0151-4234-BE69-A38DF2975F98}.Release|Any CPU.ActiveCfg = Release|Any CPU
		{176F2F9B-0151-4234-BE69-A38DF2975F98}.Release|Any CPU.Build.0 = Release|Any CPU
		{F379C208-216A-4A8B-AEC8-9FAB8EC0E394}.Debug|Any CPU.ActiveCfg = Debug|Any CPU
		{F379C208-216A-4A8B-AEC8-9FAB8EC0E394}.Debug|Any CPU.Build.0 = Debug|Any CPU
		{F379C208-216A-4A8B-AEC8-9FAB8EC0E394}.Release|Any CPU.ActiveCfg = Release|Any CPU
		{F379C208-216A-4A8B-AEC8-9FAB8EC0E394}.Release|Any CPU.Build.0 = Release|Any CPU
		{1DB4E169-834D-4AF4-8E78-DD7902C7540F}.Debug|Any CPU.ActiveCfg = Debug|Any CPU
		{1DB4E169-834D-4AF4-8E78-DD7902C7540F}.Debug|Any CPU.Build.0 = Debug|Any CPU
		{1DB4E169-834D-4AF4-8E78-DD7902C7540F}.Release|Any CPU.ActiveCfg = Release|Any CPU
		{1DB4E169-834D-4AF4-8E78-DD7902C7540F}.Release|Any CPU.Build.0 = Release|Any CPU
		{F072EF06-750F-4B30-9A71-073D6E705FDC}.Debug|Any CPU.ActiveCfg = Debug|Any CPU
		{F072EF06-750F-4B30-9A71-073D6E705FDC}.Debug|Any CPU.Build.0 = Debug|Any CPU
		{F072EF06-750F-4B30-9A71-073D6E705FDC}.Release|Any CPU.ActiveCfg = Release|Any CPU
		{F072EF06-750F-4B30-9A71-073D6E705FDC}.Release|Any CPU.Build.0 = Release|Any CPU
		{523ED7CB-493A-417F-8C9B-8BE02E5CAAC2}.Debug|Any CPU.ActiveCfg = Debug|Any CPU
		{523ED7CB-493A-417F-8C9B-8BE02E5CAAC2}.Debug|Any CPU.Build.0 = Debug|Any CPU
		{523ED7CB-493A-417F-8C9B-8BE02E5CAAC2}.Release|Any CPU.ActiveCfg = Release|Any CPU
		{523ED7CB-493A-417F-8C9B-8BE02E5CAAC2}.Release|Any CPU.Build.0 = Release|Any CPU
		{56BDAF54-F927-4559-9ECC-131BB07C7FA8}.Debug|Any CPU.ActiveCfg = Debug|Any CPU
		{56BDAF54-F927-4559-9ECC-131BB07C7FA8}.Debug|Any CPU.Build.0 = Debug|Any CPU
		{56BDAF54-F927-4559-9ECC-131BB07C7FA8}.Release|Any CPU.ActiveCfg = Release|Any CPU
		{56BDAF54-F927-4559-9ECC-131BB07C7FA8}.Release|Any CPU.Build.0 = Release|Any CPU
		{AC5991B0-4242-40BE-BFD4-0D11381B57F7}.Debug|Any CPU.ActiveCfg = Debug|Any CPU
		{AC5991B0-4242-40BE-BFD4-0D11381B57F7}.Debug|Any CPU.Build.0 = Debug|Any CPU
		{AC5991B0-4242-40BE-BFD4-0D11381B57F7}.Release|Any CPU.ActiveCfg = Release|Any CPU
		{AC5991B0-4242-40BE-BFD4-0D11381B57F7}.Release|Any CPU.Build.0 = Release|Any CPU
		{10DD2C27-23A3-4E69-BFE1-6FA6BB8FEABD}.Debug|Any CPU.ActiveCfg = Debug|Any CPU
		{10DD2C27-23A3-4E69-BFE1-6FA6BB8FEABD}.Debug|Any CPU.Build.0 = Debug|Any CPU
		{10DD2C27-23A3-4E69-BFE1-6FA6BB8FEABD}.Release|Any CPU.ActiveCfg = Release|Any CPU
		{10DD2C27-23A3-4E69-BFE1-6FA6BB8FEABD}.Release|Any CPU.Build.0 = Release|Any CPU
		{AF850DC9-AFFE-4F7E-AA9A-752AE9D0D62D}.Debug|Any CPU.ActiveCfg = Debug|Any CPU
		{AF850DC9-AFFE-4F7E-AA9A-752AE9D0D62D}.Debug|Any CPU.Build.0 = Debug|Any CPU
		{AF850DC9-AFFE-4F7E-AA9A-752AE9D0D62D}.Release|Any CPU.ActiveCfg = Release|Any CPU
		{AF850DC9-AFFE-4F7E-AA9A-752AE9D0D62D}.Release|Any CPU.Build.0 = Release|Any CPU
		{1B281A2C-292D-4AB6-AE7A-54403D7F1AB1}.Debug|Any CPU.ActiveCfg = Debug|Any CPU
		{1B281A2C-292D-4AB6-AE7A-54403D7F1AB1}.Debug|Any CPU.Build.0 = Debug|Any CPU
		{1B281A2C-292D-4AB6-AE7A-54403D7F1AB1}.Release|Any CPU.ActiveCfg = Release|Any CPU
		{1B281A2C-292D-4AB6-AE7A-54403D7F1AB1}.Release|Any CPU.Build.0 = Release|Any CPU
		{82795C9D-281D-4A02-ADCC-C76741A1A928}.Debug|Any CPU.ActiveCfg = Debug|Any CPU
		{82795C9D-281D-4A02-ADCC-C76741A1A928}.Debug|Any CPU.Build.0 = Debug|Any CPU
		{82795C9D-281D-4A02-ADCC-C76741A1A928}.Release|Any CPU.ActiveCfg = Release|Any CPU
		{82795C9D-281D-4A02-ADCC-C76741A1A928}.Release|Any CPU.Build.0 = Release|Any CPU
		{92830F50-826E-46D0-836C-5C2707D2FF51}.Debug|Any CPU.ActiveCfg = Debug|Any CPU
		{92830F50-826E-46D0-836C-5C2707D2FF51}.Debug|Any CPU.Build.0 = Debug|Any CPU
		{92830F50-826E-46D0-836C-5C2707D2FF51}.Release|Any CPU.ActiveCfg = Release|Any CPU
		{92830F50-826E-46D0-836C-5C2707D2FF51}.Release|Any CPU.Build.0 = Release|Any CPU
		{EA2C53AA-2E56-4AA1-9ECC-3AA851E3256A}.Debug|Any CPU.ActiveCfg = Debug|Any CPU
		{EA2C53AA-2E56-4AA1-9ECC-3AA851E3256A}.Debug|Any CPU.Build.0 = Debug|Any CPU
		{EA2C53AA-2E56-4AA1-9ECC-3AA851E3256A}.Release|Any CPU.ActiveCfg = Release|Any CPU
		{EA2C53AA-2E56-4AA1-9ECC-3AA851E3256A}.Release|Any CPU.Build.0 = Release|Any CPU
		{4B5A9DC0-BFF2-450E-8762-E866E604D254}.Debug|Any CPU.ActiveCfg = Debug|Any CPU
		{4B5A9DC0-BFF2-450E-8762-E866E604D254}.Debug|Any CPU.Build.0 = Debug|Any CPU
		{4B5A9DC0-BFF2-450E-8762-E866E604D254}.Release|Any CPU.ActiveCfg = Release|Any CPU
		{4B5A9DC0-BFF2-450E-8762-E866E604D254}.Release|Any CPU.Build.0 = Release|Any CPU
		{4FAD6AA1-FCD3-4963-AF66-9122E07A4F67}.Debug|Any CPU.ActiveCfg = Debug|Any CPU
		{4FAD6AA1-FCD3-4963-AF66-9122E07A4F67}.Debug|Any CPU.Build.0 = Debug|Any CPU
		{4FAD6AA1-FCD3-4963-AF66-9122E07A4F67}.Release|Any CPU.ActiveCfg = Release|Any CPU
		{4FAD6AA1-FCD3-4963-AF66-9122E07A4F67}.Release|Any CPU.Build.0 = Release|Any CPU
		{255723DE-BBAD-4085-B88C-0FBD517C8842}.Debug|Any CPU.ActiveCfg = Debug|Any CPU
		{255723DE-BBAD-4085-B88C-0FBD517C8842}.Debug|Any CPU.Build.0 = Debug|Any CPU
		{255723DE-BBAD-4085-B88C-0FBD517C8842}.Release|Any CPU.ActiveCfg = Release|Any CPU
		{255723DE-BBAD-4085-B88C-0FBD517C8842}.Release|Any CPU.Build.0 = Release|Any CPU
		{1718A13B-808D-42FC-939F-5714C5ECE556}.Debug|Any CPU.ActiveCfg = Debug|Any CPU
		{1718A13B-808D-42FC-939F-5714C5ECE556}.Debug|Any CPU.Build.0 = Debug|Any CPU
		{1718A13B-808D-42FC-939F-5714C5ECE556}.Release|Any CPU.ActiveCfg = Release|Any CPU
		{1718A13B-808D-42FC-939F-5714C5ECE556}.Release|Any CPU.Build.0 = Release|Any CPU
		{2F08BFC8-0A19-416C-835E-AAA1B2600357}.Debug|Any CPU.ActiveCfg = Debug|Any CPU
		{2F08BFC8-0A19-416C-835E-AAA1B2600357}.Debug|Any CPU.Build.0 = Debug|Any CPU
		{2F08BFC8-0A19-416C-835E-AAA1B2600357}.Release|Any CPU.ActiveCfg = Release|Any CPU
		{2F08BFC8-0A19-416C-835E-AAA1B2600357}.Release|Any CPU.Build.0 = Release|Any CPU
		{C1BE457A-9ABF-45EE-A7FF-10B003AF39C1}.Debug|Any CPU.ActiveCfg = Debug|Any CPU
		{C1BE457A-9ABF-45EE-A7FF-10B003AF39C1}.Debug|Any CPU.Build.0 = Debug|Any CPU
		{C1BE457A-9ABF-45EE-A7FF-10B003AF39C1}.Release|Any CPU.ActiveCfg = Release|Any CPU
		{C1BE457A-9ABF-45EE-A7FF-10B003AF39C1}.Release|Any CPU.Build.0 = Release|Any CPU
		{8636159D-67AD-4FC7-BDEC-54C89787192A}.Debug|Any CPU.ActiveCfg = Debug|Any CPU
		{8636159D-67AD-4FC7-BDEC-54C89787192A}.Debug|Any CPU.Build.0 = Debug|Any CPU
		{8636159D-67AD-4FC7-BDEC-54C89787192A}.Release|Any CPU.ActiveCfg = Release|Any CPU
		{8636159D-67AD-4FC7-BDEC-54C89787192A}.Release|Any CPU.Build.0 = Release|Any CPU
		{B2362A2B-CD24-4228-BDCF-3CBC5E37D1A6}.Debug|Any CPU.ActiveCfg = Debug|Any CPU
		{B2362A2B-CD24-4228-BDCF-3CBC5E37D1A6}.Debug|Any CPU.Build.0 = Debug|Any CPU
		{B2362A2B-CD24-4228-BDCF-3CBC5E37D1A6}.Release|Any CPU.ActiveCfg = Release|Any CPU
		{B2362A2B-CD24-4228-BDCF-3CBC5E37D1A6}.Release|Any CPU.Build.0 = Release|Any CPU
		{728D093F-63AD-4D32-8764-DFE3230BB4F0}.Debug|Any CPU.ActiveCfg = Debug|Any CPU
		{728D093F-63AD-4D32-8764-DFE3230BB4F0}.Debug|Any CPU.Build.0 = Debug|Any CPU
		{728D093F-63AD-4D32-8764-DFE3230BB4F0}.Release|Any CPU.ActiveCfg = Release|Any CPU
		{728D093F-63AD-4D32-8764-DFE3230BB4F0}.Release|Any CPU.Build.0 = Release|Any CPU
		{27DD081F-EB48-4121-BFBF-2C9B666409C9}.Debug|Any CPU.ActiveCfg = Debug|Any CPU
		{27DD081F-EB48-4121-BFBF-2C9B666409C9}.Debug|Any CPU.Build.0 = Debug|Any CPU
		{27DD081F-EB48-4121-BFBF-2C9B666409C9}.Release|Any CPU.ActiveCfg = Release|Any CPU
		{27DD081F-EB48-4121-BFBF-2C9B666409C9}.Release|Any CPU.Build.0 = Release|Any CPU
		{07A1AE72-3254-4FEC-B80F-C5C477355310}.Debug|Any CPU.ActiveCfg = Debug|Any CPU
		{07A1AE72-3254-4FEC-B80F-C5C477355310}.Debug|Any CPU.Build.0 = Debug|Any CPU
		{07A1AE72-3254-4FEC-B80F-C5C477355310}.Release|Any CPU.ActiveCfg = Release|Any CPU
		{07A1AE72-3254-4FEC-B80F-C5C477355310}.Release|Any CPU.Build.0 = Release|Any CPU
		{7316A220-C37C-4850-973C-93CB79CC9C56}.Debug|Any CPU.ActiveCfg = Debug|Any CPU
		{7316A220-C37C-4850-973C-93CB79CC9C56}.Debug|Any CPU.Build.0 = Debug|Any CPU
		{7316A220-C37C-4850-973C-93CB79CC9C56}.Release|Any CPU.ActiveCfg = Release|Any CPU
		{7316A220-C37C-4850-973C-93CB79CC9C56}.Release|Any CPU.Build.0 = Release|Any CPU
		{9024DACF-0757-467C-B677-261EE182E53A}.Debug|Any CPU.ActiveCfg = Debug|Any CPU
		{9024DACF-0757-467C-B677-261EE182E53A}.Debug|Any CPU.Build.0 = Debug|Any CPU
		{9024DACF-0757-467C-B677-261EE182E53A}.Release|Any CPU.ActiveCfg = Release|Any CPU
		{9024DACF-0757-467C-B677-261EE182E53A}.Release|Any CPU.Build.0 = Release|Any CPU
		{BAE34622-4D09-41B5-BC93-DE12CC9BE606}.Debug|Any CPU.ActiveCfg = Debug|Any CPU
		{BAE34622-4D09-41B5-BC93-DE12CC9BE606}.Debug|Any CPU.Build.0 = Debug|Any CPU
		{BAE34622-4D09-41B5-BC93-DE12CC9BE606}.Release|Any CPU.ActiveCfg = Release|Any CPU
		{BAE34622-4D09-41B5-BC93-DE12CC9BE606}.Release|Any CPU.Build.0 = Release|Any CPU
		{76857052-6F71-4C77-ABCA-BC45BE3A3306}.Debug|Any CPU.ActiveCfg = Debug|Any CPU
		{76857052-6F71-4C77-ABCA-BC45BE3A3306}.Debug|Any CPU.Build.0 = Debug|Any CPU
		{76857052-6F71-4C77-ABCA-BC45BE3A3306}.Release|Any CPU.ActiveCfg = Release|Any CPU
		{76857052-6F71-4C77-ABCA-BC45BE3A3306}.Release|Any CPU.Build.0 = Release|Any CPU
		{F9A523D2-1AFA-4850-8BE0-4D34D6912935}.Debug|Any CPU.ActiveCfg = Debug|Any CPU
		{F9A523D2-1AFA-4850-8BE0-4D34D6912935}.Debug|Any CPU.Build.0 = Debug|Any CPU
		{F9A523D2-1AFA-4850-8BE0-4D34D6912935}.Release|Any CPU.ActiveCfg = Release|Any CPU
		{F9A523D2-1AFA-4850-8BE0-4D34D6912935}.Release|Any CPU.Build.0 = Release|Any CPU
		{8D4D1F48-15F0-4118-8EE5-B998F526CBF8}.Debug|Any CPU.ActiveCfg = Debug|Any CPU
		{8D4D1F48-15F0-4118-8EE5-B998F526CBF8}.Debug|Any CPU.Build.0 = Debug|Any CPU
		{8D4D1F48-15F0-4118-8EE5-B998F526CBF8}.Release|Any CPU.ActiveCfg = Release|Any CPU
		{8D4D1F48-15F0-4118-8EE5-B998F526CBF8}.Release|Any CPU.Build.0 = Release|Any CPU
		{D03F88BD-2BCF-4A6A-A17E-C6A19F0BF70F}.Debug|Any CPU.ActiveCfg = Debug|Any CPU
		{D03F88BD-2BCF-4A6A-A17E-C6A19F0BF70F}.Debug|Any CPU.Build.0 = Debug|Any CPU
		{D03F88BD-2BCF-4A6A-A17E-C6A19F0BF70F}.Release|Any CPU.ActiveCfg = Release|Any CPU
		{D03F88BD-2BCF-4A6A-A17E-C6A19F0BF70F}.Release|Any CPU.Build.0 = Release|Any CPU
		{D2F77BBC-1A2B-4A0A-BD86-862EF287137D}.Debug|Any CPU.ActiveCfg = Debug|Any CPU
		{D2F77BBC-1A2B-4A0A-BD86-862EF287137D}.Debug|Any CPU.Build.0 = Debug|Any CPU
		{D2F77BBC-1A2B-4A0A-BD86-862EF287137D}.Release|Any CPU.ActiveCfg = Release|Any CPU
		{D2F77BBC-1A2B-4A0A-BD86-862EF287137D}.Release|Any CPU.Build.0 = Release|Any CPU
		{9FDB32CA-512C-4BD8-A4E8-E392AE6BD356}.Debug|Any CPU.ActiveCfg = Debug|Any CPU
		{9FDB32CA-512C-4BD8-A4E8-E392AE6BD356}.Debug|Any CPU.Build.0 = Debug|Any CPU
		{9FDB32CA-512C-4BD8-A4E8-E392AE6BD356}.Release|Any CPU.ActiveCfg = Release|Any CPU
		{9FDB32CA-512C-4BD8-A4E8-E392AE6BD356}.Release|Any CPU.Build.0 = Release|Any CPU
		{D86B655E-F09E-413C-8318-04E674BAA6C7}.Debug|Any CPU.ActiveCfg = Debug|Any CPU
		{D86B655E-F09E-413C-8318-04E674BAA6C7}.Debug|Any CPU.Build.0 = Debug|Any CPU
		{D86B655E-F09E-413C-8318-04E674BAA6C7}.Release|Any CPU.ActiveCfg = Release|Any CPU
		{D86B655E-F09E-413C-8318-04E674BAA6C7}.Release|Any CPU.Build.0 = Release|Any CPU
		{C3F3E709-255B-4F2E-8F61-80E121C83155}.Debug|Any CPU.ActiveCfg = Debug|Any CPU
		{C3F3E709-255B-4F2E-8F61-80E121C83155}.Debug|Any CPU.Build.0 = Debug|Any CPU
		{C3F3E709-255B-4F2E-8F61-80E121C83155}.Release|Any CPU.ActiveCfg = Release|Any CPU
		{C3F3E709-255B-4F2E-8F61-80E121C83155}.Release|Any CPU.Build.0 = Release|Any CPU
	EndGlobalSection
	GlobalSection(SolutionProperties) = preSolution
		HideSolutionNode = FALSE
	EndGlobalSection
	GlobalSection(ExtensibilityGlobals) = postSolution
		SolutionGuid = {49533BE8-C381-4713-992D-19450A944DFC}
	EndGlobalSection
EndGlobal
