
Microsoft Visual Studio Solution File, Format Version 12.00
# Visual Studio 15
VisualStudioVersion = 15.0.28307.136
MinimumVisualStudioVersion = 10.0.40219.1
Project("{FAE04EC0-301F-11D3-BF4B-00C04F79EFBC}") = "Exercicio1114", "Exercicio1114\Exercicio1114.csproj", "{176F2F9B-0151-4234-BE69-A38DF2975F98}"
EndProject
Project("{FAE04EC0-301F-11D3-BF4B-00C04F79EFBC}") = "Exercicio1115", "Exercicio1115\Exercicio1115.csproj", "{F379C208-216A-4A8B-AEC8-9FAB8EC0E394}"
EndProject
Global
	GlobalSection(SolutionConfigurationPlatforms) = preSolution
		Debug|Any CPU = Debug|Any CPU
		Release|Any CPU = Release|Any CPU
	EndGlobalSection
	GlobalSection(ProjectConfigurationPlatforms) = postSolution
		{176F2F9B-0151-4234-BE69-A38DF2975F98}.Debug|Any CPU.ActiveCfg = Debug|Any CPU
		{176F2F9B-0151-4234-BE69-A38DF2975F98}.Debug|Any CPU.Build.0 = Debug|Any CPU
		{176F2F9B-0151-4234-BE69-A38DF2975F98}.Release|Any CPU.ActiveCfg = Release|Any CPU
		{176F2F9B-0151-4234-BE69-A38DF2975F98}.Release|Any CPU.Build.0 = Release|Any CPU
		{F379C208-216A-4A8B-AEC8-9FAB8EC0E394}.Debug|Any CPU.ActiveCfg = Debug|Any CPU
		{F379C208-216A-4A8B-AEC8-9FAB8EC0E394}.Debug|Any CPU.Build.0 = Debug|Any CPU
		{F379C208-216A-4A8B-AEC8-9FAB8EC0E394}.Release|Any CPU.ActiveCfg = Release|Any CPU
		{F379C208-216A-4A8B-AEC8-9FAB8EC0E394}.Release|Any CPU.Build.0 = Release|Any CPU
	EndGlobalSection
	GlobalSection(SolutionProperties) = preSolution
		HideSolutionNode = FALSE
	EndGlobalSection
	GlobalSection(ExtensibilityGlobals) = postSolution
		SolutionGuid = {49533BE8-C381-4713-992D-19450A944DFC}
	EndGlobalSection
EndGlobal
